// !$*UTF8*$!
{
	archiveVersion = 1;
	classes = {
	};
	objectVersion = 50;
	objects = {

/* Begin PBXBuildFile section */
		220F7FAE2131BF55007DBAA8 /* AppDelegate.swift in Sources */ = {isa = PBXBuildFile; fileRef = 220F7FAD2131BF55007DBAA8 /* AppDelegate.swift */; };
		220F7FB02131BF55007DBAA8 /* ViewController.swift in Sources */ = {isa = PBXBuildFile; fileRef = 220F7FAF2131BF55007DBAA8 /* ViewController.swift */; };
		220F7FB32131BF55007DBAA8 /* Main.storyboard in Resources */ = {isa = PBXBuildFile; fileRef = 220F7FB12131BF55007DBAA8 /* Main.storyboard */; };
		220F7FB52131BF57007DBAA8 /* Assets.xcassets in Resources */ = {isa = PBXBuildFile; fileRef = 220F7FB42131BF57007DBAA8 /* Assets.xcassets */; };
		220F7FB82131BF57007DBAA8 /* LaunchScreen.storyboard in Resources */ = {isa = PBXBuildFile; fileRef = 220F7FB62131BF57007DBAA8 /* LaunchScreen.storyboard */; };
		220F7FC32131BF57007DBAA8 /* Multiplication_ExercisesTests.swift in Sources */ = {isa = PBXBuildFile; fileRef = 220F7FC22131BF57007DBAA8 /* Multiplication_ExercisesTests.swift */; };
/* End PBXBuildFile section */

/* Begin PBXContainerItemProxy section */
		220F7FBF2131BF57007DBAA8 /* PBXContainerItemProxy */ = {
			isa = PBXContainerItemProxy;
			containerPortal = 220F7FA22131BF55007DBAA8 /* Project object */;
			proxyType = 1;
			remoteGlobalIDString = 220F7FA92131BF55007DBAA8;
			remoteInfo = "Multiplication Exercises";
		};
/* End PBXContainerItemProxy section */

/* Begin PBXFileReference section */
		220F7FAA2131BF55007DBAA8 /* Multiplication Exercises.app */ = {isa = PBXFileReference; explicitFileType = wrapper.application; includeInIndex = 0; path = "Multiplication Exercises.app"; sourceTree = BUILT_PRODUCTS_DIR; };
		220F7FAD2131BF55007DBAA8 /* AppDelegate.swift */ = {isa = PBXFileReference; lastKnownFileType = sourcecode.swift; path = AppDelegate.swift; sourceTree = "<group>"; };
		220F7FAF2131BF55007DBAA8 /* ViewController.swift */ = {isa = PBXFileReference; lastKnownFileType = sourcecode.swift; path = ViewController.swift; sourceTree = "<group>"; };
		220F7FB22131BF55007DBAA8 /* Base */ = {isa = PBXFileReference; lastKnownFileType = file.storyboard; name = Base; path = Base.lproj/Main.storyboard; sourceTree = "<group>"; };
		220F7FB42131BF57007DBAA8 /* Assets.xcassets */ = {isa = PBXFileReference; lastKnownFileType = folder.assetcatalog; path = Assets.xcassets; sourceTree = "<group>"; };
		220F7FB72131BF57007DBAA8 /* Base */ = {isa = PBXFileReference; lastKnownFileType = file.storyboard; name = Base; path = Base.lproj/LaunchScreen.storyboard; sourceTree = "<group>"; };
		220F7FB92131BF57007DBAA8 /* Info.plist */ = {isa = PBXFileReference; lastKnownFileType = text.plist.xml; path = Info.plist; sourceTree = "<group>"; };
		220F7FBE2131BF57007DBAA8 /* Multiplication ExercisesTests.xctest */ = {isa = PBXFileReference; explicitFileType = wrapper.cfbundle; includeInIndex = 0; path = "Multiplication ExercisesTests.xctest"; sourceTree = BUILT_PRODUCTS_DIR; };
		220F7FC22131BF57007DBAA8 /* Multiplication_ExercisesTests.swift */ = {isa = PBXFileReference; lastKnownFileType = sourcecode.swift; path = Multiplication_ExercisesTests.swift; sourceTree = "<group>"; };
		220F7FC42131BF57007DBAA8 /* Info.plist */ = {isa = PBXFileReference; lastKnownFileType = text.plist.xml; path = Info.plist; sourceTree = "<group>"; };
/* End PBXFileReference section */

/* Begin PBXFrameworksBuildPhase section */
		220F7FA72131BF55007DBAA8 /* Frameworks */ = {
			isa = PBXFrameworksBuildPhase;
			buildActionMask = 2147483647;
			files = (
			);
			runOnlyForDeploymentPostprocessing = 0;
		};
		220F7FBB2131BF57007DBAA8 /* Frameworks */ = {
			isa = PBXFrameworksBuildPhase;
			buildActionMask = 2147483647;
			files = (
			);
			runOnlyForDeploymentPostprocessing = 0;
		};
/* End PBXFrameworksBuildPhase section */

/* Begin PBXGroup section */
		220F7FA12131BF55007DBAA8 = {
			isa = PBXGroup;
			children = (
				220F7FAC2131BF55007DBAA8 /* Multiplication Exercises */,
				220F7FC12131BF57007DBAA8 /* Multiplication ExercisesTests */,
				220F7FAB2131BF55007DBAA8 /* Products */,
			);
			sourceTree = "<group>";
		};
		220F7FAB2131BF55007DBAA8 /* Products */ = {
			isa = PBXGroup;
			children = (
				220F7FAA2131BF55007DBAA8 /* Multiplication Exercises.app */,
				220F7FBE2131BF57007DBAA8 /* Multiplication ExercisesTests.xctest */,
			);
			name = Products;
			sourceTree = "<group>";
		};
		220F7FAC2131BF55007DBAA8 /* Multiplication Exercises */ = {
			isa = PBXGroup;
			children = (
				220F7FAD2131BF55007DBAA8 /* AppDelegate.swift */,
				220F7FAF2131BF55007DBAA8 /* ViewController.swift */,
				220F7FB12131BF55007DBAA8 /* Main.storyboard */,
				220F7FB42131BF57007DBAA8 /* Assets.xcassets */,
				220F7FB62131BF57007DBAA8 /* LaunchScreen.storyboard */,
				220F7FB92131BF57007DBAA8 /* Info.plist */,
			);
			path = "Multiplication Exercises";
			sourceTree = "<group>";
		};
		220F7FC12131BF57007DBAA8 /* Multiplication ExercisesTests */ = {
			isa = PBXGroup;
			children = (
				220F7FC22131BF57007DBAA8 /* Multiplication_ExercisesTests.swift */,
				220F7FC42131BF57007DBAA8 /* Info.plist */,
			);
			path = "Multiplication ExercisesTests";
			sourceTree = "<group>";
		};
/* End PBXGroup section */

/* Begin PBXNativeTarget section */
		220F7FA92131BF55007DBAA8 /* Multiplication Exercises */ = {
			isa = PBXNativeTarget;
			buildConfigurationList = 220F7FC72131BF57007DBAA8 /* Build configuration list for PBXNativeTarget "Multiplication Exercises" */;
			buildPhases = (
				220F7FA62131BF55007DBAA8 /* Sources */,
				220F7FA72131BF55007DBAA8 /* Frameworks */,
				220F7FA82131BF55007DBAA8 /* Resources */,
			);
			buildRules = (
			);
			dependencies = (
			);
			name = "Multiplication Exercises";
			productName = "Multiplication Exercises";
			productReference = 220F7FAA2131BF55007DBAA8 /* Multiplication Exercises.app */;
			productType = "com.apple.product-type.application";
		};
		220F7FBD2131BF57007DBAA8 /* Multiplication ExercisesTests */ = {
			isa = PBXNativeTarget;
			buildConfigurationList = 220F7FCA2131BF57007DBAA8 /* Build configuration list for PBXNativeTarget "Multiplication ExercisesTests" */;
			buildPhases = (
				220F7FBA2131BF57007DBAA8 /* Sources */,
				220F7FBB2131BF57007DBAA8 /* Frameworks */,
				220F7FBC2131BF57007DBAA8 /* Resources */,
			);
			buildRules = (
			);
			dependencies = (
				220F7FC02131BF57007DBAA8 /* PBXTargetDependency */,
			);
			name = "Multiplication ExercisesTests";
			productName = "Multiplication ExercisesTests";
			productReference = 220F7FBE2131BF57007DBAA8 /* Multiplication ExercisesTests.xctest */;
			productType = "com.apple.product-type.bundle.unit-test";
		};
/* End PBXNativeTarget section */

/* Begin PBXProject section */
		220F7FA22131BF55007DBAA8 /* Project object */ = {
			isa = PBXProject;
			attributes = {
				LastSwiftUpdateCheck = 0940;
				LastUpgradeCheck = 0940;
				ORGANIZATIONNAME = "Samuel Fox";
				TargetAttributes = {
					220F7FA92131BF55007DBAA8 = {
						CreatedOnToolsVersion = 9.4.1;
					};
					220F7FBD2131BF57007DBAA8 = {
						CreatedOnToolsVersion = 9.4.1;
						TestTargetID = 220F7FA92131BF55007DBAA8;
					};
				};
			};
			buildConfigurationList = 220F7FA52131BF55007DBAA8 /* Build configuration list for PBXProject "Multiplication Exercises" */;
			compatibilityVersion = "Xcode 9.3";
			developmentRegion = en;
			hasScannedForEncodings = 0;
			knownRegions = (
				en,
				Base,
			);
			mainGroup = 220F7FA12131BF55007DBAA8;
			productRefGroup = 220F7FAB2131BF55007DBAA8 /* Products */;
			projectDirPath = "";
			projectRoot = "";
			targets = (
				220F7FA92131BF55007DBAA8 /* Multiplication Exercises */,
				220F7FBD2131BF57007DBAA8 /* Multiplication ExercisesTests */,
			);
		};
/* End PBXProject section */

/* Begin PBXResourcesBuildPhase section */
		220F7FA82131BF55007DBAA8 /* Resources */ = {
			isa = PBXResourcesBuildPhase;
			buildActionMask = 2147483647;
			files = (
				220F7FB82131BF57007DBAA8 /* LaunchScreen.storyboard in Resources */,
				220F7FB52131BF57007DBAA8 /* Assets.xcassets in Resources */,
				220F7FB32131BF55007DBAA8 /* Main.storyboard in Resources */,
			);
			runOnlyForDeploymentPostprocessing = 0;
		};
		220F7FBC2131BF57007DBAA8 /* Resources */ = {
			isa = PBXResourcesBuildPhase;
			buildActionMask = 2147483647;
			files = (
			);
			runOnlyForDeploymentPostprocessing = 0;
		};
/* End PBXResourcesBuildPhase section */

/* Begin PBXSourcesBuildPhase section */
		220F7FA62131BF55007DBAA8 /* Sources */ = {
			isa = PBXSourcesBuildPhase;
			buildActionMask = 2147483647;
			files = (
				220F7FB02131BF55007DBAA8 /* ViewController.swift in Sources */,
				220F7FAE2131BF55007DBAA8 /* AppDelegate.swift in Sources */,
			);
			runOnlyForDeploymentPostprocessing = 0;
		};
		220F7FBA2131BF57007DBAA8 /* Sources */ = {
			isa = PBXSourcesBuildPhase;
			buildActionMask = 2147483647;
			files = (
				220F7FC32131BF57007DBAA8 /* Multiplication_ExercisesTests.swift in Sources */,
			);
			runOnlyForDeploymentPostprocessing = 0;
		};
/* End PBXSourcesBuildPhase section */

/* Begin PBXTargetDependency section */
		220F7FC02131BF57007DBAA8 /* PBXTargetDependency */ = {
			isa = PBXTargetDependency;
			target = 220F7FA92131BF55007DBAA8 /* Multiplication Exercises */;
			targetProxy = 220F7FBF2131BF57007DBAA8 /* PBXContainerItemProxy */;
		};
/* End PBXTargetDependency section */

/* Begin PBXVariantGroup section */
		220F7FB12131BF55007DBAA8 /* Main.storyboard */ = {
			isa = PBXVariantGroup;
			children = (
				220F7FB22131BF55007DBAA8 /* Base */,
			);
			name = Main.storyboard;
			sourceTree = "<group>";
		};
		220F7FB62131BF57007DBAA8 /* LaunchScreen.storyboard */ = {
			isa = PBXVariantGroup;
			children = (
				220F7FB72131BF57007DBAA8 /* Base */,
			);
			name = LaunchScreen.storyboard;
			sourceTree = "<group>";
		};
/* End PBXVariantGroup section */

/* Begin XCBuildConfiguration section */
		220F7FC52131BF57007DBAA8 /* Debug */ = {
			isa = XCBuildConfiguration;
			buildSettings = {
				ALWAYS_SEARCH_USER_PATHS = NO;
				CLANG_ANALYZER_NONNULL = YES;
				CLANG_ANALYZER_NUMBER_OBJECT_CONVERSION = YES_AGGRESSIVE;
				CLANG_CXX_LANGUAGE_STANDARD = "gnu++14";
				CLANG_CXX_LIBRARY = "libc++";
				CLANG_ENABLE_MODULES = YES;
				CLANG_ENABLE_OBJC_ARC = YES;
				CLANG_ENABLE_OBJC_WEAK = YES;
				CLANG_WARN_BLOCK_CAPTURE_AUTORELEASING = YES;
				CLANG_WARN_BOOL_CONVERSION = YES;
				CLANG_WARN_COMMA = YES;
				CLANG_WARN_CONSTANT_CONVERSION = YES;
				CLANG_WARN_DEPRECATED_OBJC_IMPLEMENTATIONS = YES;
				CLANG_WARN_DIRECT_OBJC_ISA_USAGE = YES_ERROR;
				CLANG_WARN_DOCUMENTATION_COMMENTS = YES;
				CLANG_WARN_EMPTY_BODY = YES;
				CLANG_WARN_ENUM_CONVERSION = YES;
				CLANG_WARN_INFINITE_RECURSION = YES;
				CLANG_WARN_INT_CONVERSION = YES;
				CLANG_WARN_NON_LITERAL_NULL_CONVERSION = YES;
				CLANG_WARN_OBJC_IMPLICIT_RETAIN_SELF = YES;
				CLANG_WARN_OBJC_LITERAL_CONVERSION = YES;
				CLANG_WARN_OBJC_ROOT_CLASS = YES_ERROR;
				CLANG_WARN_RANGE_LOOP_ANALYSIS = YES;
				CLANG_WARN_STRICT_PROTOTYPES = YES;
				CLANG_WARN_SUSPICIOUS_MOVE = YES;
				CLANG_WARN_UNGUARDED_AVAILABILITY = YES_AGGRESSIVE;
				CLANG_WARN_UNREACHABLE_CODE = YES;
				CLANG_WARN__DUPLICATE_METHOD_MATCH = YES;
				CODE_SIGN_IDENTITY = "iPhone Developer";
				COPY_PHASE_STRIP = NO;
				DEBUG_INFORMATION_FORMAT = dwarf;
				ENABLE_STRICT_OBJC_MSGSEND = YES;
				ENABLE_TESTABILITY = YES;
				GCC_C_LANGUAGE_STANDARD = gnu11;
				GCC_DYNAMIC_NO_PIC = NO;
				GCC_NO_COMMON_BLOCKS = YES;
				GCC_OPTIMIZATION_LEVEL = 0;
				GCC_PREPROCESSOR_DEFINITIONS = (
					"DEBUG=1",
					"$(inherited)",
				);
				GCC_WARN_64_TO_32_BIT_CONVERSION = YES;
				GCC_WARN_ABOUT_RETURN_TYPE = YES_ERROR;
				GCC_WARN_UNDECLARED_SELECTOR = YES;
				GCC_WARN_UNINITIALIZED_AUTOS = YES_AGGRESSIVE;
				GCC_WARN_UNUSED_FUNCTION = YES;
				GCC_WARN_UNUSED_VARIABLE = YES;
				IPHONEOS_DEPLOYMENT_TARGET = 11.4;
				MTL_ENABLE_DEBUG_INFO = YES;
				ONLY_ACTIVE_ARCH = YES;
				SDKROOT = iphoneos;
				SWIFT_ACTIVE_COMPILATION_CONDITIONS = DEBUG;
				SWIFT_OPTIMIZATION_LEVEL = "-Onone";
			};
			name = Debug;
		};
		220F7FC62131BF57007DBAA8 /* Release */ = {
			isa = XCBuildConfiguration;
			buildSettings = {
				ALWAYS_SEARCH_USER_PATHS = NO;
				CLANG_ANALYZER_NONNULL = YES;
				CLANG_ANALYZER_NUMBER_OBJECT_CONVERSION = YES_AGGRESSIVE;
				CLANG_CXX_LANGUAGE_STANDARD = "gnu++14";
				CLANG_CXX_LIBRARY = "libc++";
				CLANG_ENABLE_MODULES = YES;
				CLANG_ENABLE_OBJC_ARC = YES;
				CLANG_ENABLE_OBJC_WEAK = YES;
				CLANG_WARN_BLOCK_CAPTURE_AUTORELEASING = YES;
				CLANG_WARN_BOOL_CONVERSION = YES;
				CLANG_WARN_COMMA = YES;
				CLANG_WARN_CONSTANT_CONVERSION = YES;
				CLANG_WARN_DEPRECATED_OBJC_IMPLEMENTATIONS = YES;
				CLANG_WARN_DIRECT_OBJC_ISA_USAGE = YES_ERROR;
				CLANG_WARN_DOCUMENTATION_COMMENTS = YES;
				CLANG_WARN_EMPTY_BODY = YES;
				CLANG_WARN_ENUM_CONVERSION = YES;
				CLANG_WARN_INFINITE_RECURSION = YES;
				CLANG_WARN_INT_CONVERSION = YES;
				CLANG_WARN_NON_LITERAL_NULL_CONVERSION = YES;
				CLANG_WARN_OBJC_IMPLICIT_RETAIN_SELF = YES;
				CLANG_WARN_OBJC_LITERAL_CONVERSION = YES;
				CLANG_WARN_OBJC_ROOT_CLASS = YES_ERROR;
				CLANG_WARN_RANGE_LOOP_ANALYSIS = YES;
				CLANG_WARN_STRICT_PROTOTYPES = YES;
				CLANG_WARN_SUSPICIOUS_MOVE = YES;
				CLANG_WARN_UNGUARDED_AVAILABILITY = YES_AGGRESSIVE;
				CLANG_WARN_UNREACHABLE_CODE = YES;
				CLANG_WARN__DUPLICATE_METHOD_MATCH = YES;
				CODE_SIGN_IDENTITY = "iPhone Developer";
				COPY_PHASE_STRIP = NO;
				DEBUG_INFORMATION_FORMAT = "dwarf-with-dsym";
				ENABLE_NS_ASSERTIONS = NO;
				ENABLE_STRICT_OBJC_MSGSEND = YES;
				GCC_C_LANGUAGE_STANDARD = gnu11;
				GCC_NO_COMMON_BLOCKS = YES;
				GCC_WARN_64_TO_32_BIT_CONVERSION = YES;
				GCC_WARN_ABOUT_RETURN_TYPE = YES_ERROR;
				GCC_WARN_UNDECLARED_SELECTOR = YES;
				GCC_WARN_UNINITIALIZED_AUTOS = YES_AGGRESSIVE;
				GCC_WARN_UNUSED_FUNCTION = YES;
				GCC_WARN_UNUSED_VARIABLE = YES;
				IPHONEOS_DEPLOYMENT_TARGET = 11.4;
				MTL_ENABLE_DEBUG_INFO = NO;
				SDKROOT = iphoneos;
				SWIFT_COMPILATION_MODE = wholemodule;
				SWIFT_OPTIMIZATION_LEVEL = "-O";
				VALIDATE_PRODUCT = YES;
			};
			name = Release;
		};
		220F7FC82131BF57007DBAA8 /* Debug */ = {
			isa = XCBuildConfiguration;
			buildSettings = {
				ASSETCATALOG_COMPILER_APPICON_NAME = AppIcon;
				CODE_SIGN_STYLE = Automatic;
				DEVELOPMENT_TEAM = U3Y4H3FKHQ;
				INFOPLIST_FILE = "Multiplication Exercises/Info.plist";
				LD_RUNPATH_SEARCH_PATHS = (
					"$(inherited)",
					"@executable_path/Frameworks",
				);
				PRODUCT_BUNDLE_IDENTIFIER = "edu.psu.cse.sof5207.Multiplication-Exercises";
				PRODUCT_NAME = "$(TARGET_NAME)";
				SWIFT_VERSION = 4.0;
				TARGETED_DEVICE_FAMILY = "1,2";
			};
			name = Debug;
		};
		220F7FC92131BF57007DBAA8 /* Release */ = {
			isa = XCBuildConfiguration;
			buildSettings = {
				ASSETCATALOG_COMPILER_APPICON_NAME = AppIcon;
				CODE_SIGN_STYLE = Automatic;
				DEVELOPMENT_TEAM = U3Y4H3FKHQ;
				INFOPLIST_FILE = "Multiplication Exercises/Info.plist";
				LD_RUNPATH_SEARCH_PATHS = (
					"$(inherited)",
					"@executable_path/Frameworks",
				);
				PRODUCT_BUNDLE_IDENTIFIER = "edu.psu.cse.sof5207.Multiplication-Exercises";
				PRODUCT_NAME = "$(TARGET_NAME)";
				SWIFT_VERSION = 4.0;
				TARGETED_DEVICE_FAMILY = "1,2";
			};
			name = Release;
		};
		220F7FCB2131BF57007DBAA8 /* Debug */ = {
			isa = XCBuildConfiguration;
			buildSettings = {
				ALWAYS_EMBED_SWIFT_STANDARD_LIBRARIES = YES;
				BUNDLE_LOADER = "$(TEST_HOST)";
				CODE_SIGN_STYLE = Automatic;
				INFOPLIST_FILE = "Multiplication ExercisesTests/Info.plist";
				LD_RUNPATH_SEARCH_PATHS = (
					"$(inherited)",
					"@executable_path/Frameworks",
					"@loader_path/Frameworks",
				);
				PRODUCT_BUNDLE_IDENTIFIER = "edu.psu.cse.sof5207.Multiplication-ExercisesTests";
				PRODUCT_NAME = "$(TARGET_NAME)";
				SWIFT_VERSION = 4.0;
				TARGETED_DEVICE_FAMILY = "1,2";
				TEST_HOST = "$(BUILT_PRODUCTS_DIR)/Multiplication Exercises.app/Multiplication Exercises";
			};
			name = Debug;
		};
		220F7FCC2131BF57007DBAA8 /* Release */ = {
			isa = XCBuildConfiguration;
			buildSettings = {
				ALWAYS_EMBED_SWIFT_STANDARD_LIBRARIES = YES;
				BUNDLE_LOADER = "$(TEST_HOST)";
				CODE_SIGN_STYLE = Automatic;
				INFOPLIST_FILE = "Multiplication ExercisesTests/Info.plist";
				LD_RUNPATH_SEARCH_PATHS = (
					"$(inherited)",
					"@executable_path/Frameworks",
					"@loader_path/Frameworks",
				);
				PRODUCT_BUNDLE_IDENTIFIER = "edu.psu.cse.sof5207.Multiplication-ExercisesTests";
				PRODUCT_NAME = "$(TARGET_NAME)";
				SWIFT_VERSION = 4.0;
				TARGETED_DEVICE_FAMILY = "1,2";
				TEST_HOST = "$(BUILT_PRODUCTS_DIR)/Multiplication Exercises.app/Multiplication Exercises";
			};
			name = Release;
		};
/* End XCBuildConfiguration section */

/* Begin XCConfigurationList section */
		220F7FA52131BF55007DBAA8 /* Build configuration list for PBXProject "Multiplication Exercises" */ = {
			isa = XCConfigurationList;
			buildConfigurations = (
				220F7FC52131BF57007DBAA8 /* Debug */,
				220F7FC62131BF57007DBAA8 /* Release */,
			);
			defaultConfigurationIsVisible = 0;
			defaultConfigurationName = Release;
		};
		220F7FC72131BF57007DBAA8 /* Build configuration list for PBXNativeTarget "Multiplication Exercises" */ = {
			isa = XCConfigurationList;
			buildConfigurations = (
				220F7FC82131BF57007DBAA8 /* Debug */,
				220F7FC92131BF57007DBAA8 /* Release */,
			);
			defaultConfigurationIsVisible = 0;
			defaultConfigurationName = Release;
		};
		220F7FCA2131BF57007DBAA8 /* Build configuration list for PBXNativeTarget "Multiplication ExercisesTests" */ = {
			isa = XCConfigurationList;
			buildConfigurations = (
				220F7FCB2131BF57007DBAA8 /* Debug */,
				220F7FCC2131BF57007DBAA8 /* Release */,
			);
			defaultConfigurationIsVisible = 0;
			defaultConfigurationName = Release;
		};
/* End XCConfigurationList section */
	};
	rootObject = 220F7FA22131BF55007DBAA8 /* Project object */;
}
